// !$*UTF8*$!
{
	archiveVersion = 1;
	classes = {
	};
	objectVersion = 46;
	objects = {

/* Begin PBXBuildFile section */
		490D83AB1A291F8F0020876C /* AppDelegate.swift in Sources */ = {isa = PBXBuildFile; fileRef = 490D83AA1A291F8F0020876C /* AppDelegate.swift */; };
		490D83AD1A291F8F0020876C /* RecordSoundsViewController.swift in Sources */ = {isa = PBXBuildFile; fileRef = 490D83AC1A291F8F0020876C /* RecordSoundsViewController.swift */; };
		490D83B01A291F8F0020876C /* Main.storyboard in Resources */ = {isa = PBXBuildFile; fileRef = 490D83AE1A291F8F0020876C /* Main.storyboard */; };
		490D83B21A291F8F0020876C /* Images.xcassets in Resources */ = {isa = PBXBuildFile; fileRef = 490D83B11A291F8F0020876C /* Images.xcassets */; };
		490D83B51A291F8F0020876C /* LaunchScreen.xib in Resources */ = {isa = PBXBuildFile; fileRef = 490D83B31A291F8F0020876C /* LaunchScreen.xib */; };
		490D83C11A291F8F0020876C /* Pitch_PerfectTests.swift in Sources */ = {isa = PBXBuildFile; fileRef = 490D83C01A291F8F0020876C /* Pitch_PerfectTests.swift */; };
		490D83D11A2BF5D40020876C /* PlaySoundsViewController.swift in Sources */ = {isa = PBXBuildFile; fileRef = 490D83D01A2BF5D40020876C /* PlaySoundsViewController.swift */; };
		490D83D51A2C026F0020876C /* movie_quote.mp3 in Resources */ = {isa = PBXBuildFile; fileRef = 490D83D41A2C026F0020876C /* movie_quote.mp3 */; };
		490D83D71A2EA32A0020876C /* RecordedAudio.swift in Sources */ = {isa = PBXBuildFile; fileRef = 490D83D61A2EA32A0020876C /* RecordedAudio.swift */; };
/* End PBXBuildFile section */

/* Begin PBXContainerItemProxy section */
		490D83BB1A291F8F0020876C /* PBXContainerItemProxy */ = {
			isa = PBXContainerItemProxy;
			containerPortal = 490D839D1A291F8F0020876C /* Project object */;
			proxyType = 1;
			remoteGlobalIDString = 490D83A41A291F8F0020876C;
			remoteInfo = "Pitch Perfect";
		};
/* End PBXContainerItemProxy section */

/* Begin PBXFileReference section */
		490D83A51A291F8F0020876C /* Pitch Perfect.app */ = {isa = PBXFileReference; explicitFileType = wrapper.application; includeInIndex = 0; path = "Pitch Perfect.app"; sourceTree = BUILT_PRODUCTS_DIR; };
		490D83A91A291F8F0020876C /* Info.plist */ = {isa = PBXFileReference; lastKnownFileType = text.plist.xml; path = Info.plist; sourceTree = "<group>"; };
		490D83AA1A291F8F0020876C /* AppDelegate.swift */ = {isa = PBXFileReference; lastKnownFileType = sourcecode.swift; path = AppDelegate.swift; sourceTree = "<group>"; };
		490D83AC1A291F8F0020876C /* RecordSoundsViewController.swift */ = {isa = PBXFileReference; lastKnownFileType = sourcecode.swift; path = RecordSoundsViewController.swift; sourceTree = "<group>"; };
		490D83AF1A291F8F0020876C /* Base */ = {isa = PBXFileReference; lastKnownFileType = file.storyboard; name = Base; path = Base.lproj/Main.storyboard; sourceTree = "<group>"; };
		490D83B11A291F8F0020876C /* Images.xcassets */ = {isa = PBXFileReference; lastKnownFileType = folder.assetcatalog; path = Images.xcassets; sourceTree = "<group>"; };
		490D83B41A291F8F0020876C /* Base */ = {isa = PBXFileReference; lastKnownFileType = file.xib; name = Base; path = Base.lproj/LaunchScreen.xib; sourceTree = "<group>"; };
		490D83BA1A291F8F0020876C /* Pitch PerfectTests.xctest */ = {isa = PBXFileReference; explicitFileType = wrapper.cfbundle; includeInIndex = 0; path = "Pitch PerfectTests.xctest"; sourceTree = BUILT_PRODUCTS_DIR; };
		490D83BF1A291F8F0020876C /* Info.plist */ = {isa = PBXFileReference; lastKnownFileType = text.plist.xml; path = Info.plist; sourceTree = "<group>"; };
		490D83C01A291F8F0020876C /* Pitch_PerfectTests.swift */ = {isa = PBXFileReference; lastKnownFileType = sourcecode.swift; path = Pitch_PerfectTests.swift; sourceTree = "<group>"; };
		490D83D01A2BF5D40020876C /* PlaySoundsViewController.swift */ = {isa = PBXFileReference; fileEncoding = 4; lastKnownFileType = sourcecode.swift; path = PlaySoundsViewController.swift; sourceTree = "<group>"; };
		490D83D41A2C026F0020876C /* movie_quote.mp3 */ = {isa = PBXFileReference; lastKnownFileType = audio.mp3; name = movie_quote.mp3; path = ../movie_quote.mp3; sourceTree = "<group>"; };
		490D83D61A2EA32A0020876C /* RecordedAudio.swift */ = {isa = PBXFileReference; fileEncoding = 4; lastKnownFileType = sourcecode.swift; path = RecordedAudio.swift; sourceTree = "<group>"; };
/* End PBXFileReference section */

/* Begin PBXFrameworksBuildPhase section */
		490D83A21A291F8F0020876C /* Frameworks */ = {
			isa = PBXFrameworksBuildPhase;
			buildActionMask = 2147483647;
			files = (
			);
			runOnlyForDeploymentPostprocessing = 0;
		};
		490D83B71A291F8F0020876C /* Frameworks */ = {
			isa = PBXFrameworksBuildPhase;
			buildActionMask = 2147483647;
			files = (
			);
			runOnlyForDeploymentPostprocessing = 0;
		};
/* End PBXFrameworksBuildPhase section */

/* Begin PBXGroup section */
		490D839C1A291F8F0020876C = {
			isa = PBXGroup;
			children = (
				490D83A71A291F8F0020876C /* Pitch Perfect */,
				490D83BD1A291F8F0020876C /* Pitch PerfectTests */,
				490D83A61A291F8F0020876C /* Products */,
			);
			sourceTree = "<group>";
		};
		490D83A61A291F8F0020876C /* Products */ = {
			isa = PBXGroup;
			children = (
				490D83A51A291F8F0020876C /* Pitch Perfect.app */,
				490D83BA1A291F8F0020876C /* Pitch PerfectTests.xctest */,
			);
			name = Products;
			sourceTree = "<group>";
		};
		490D83A71A291F8F0020876C /* Pitch Perfect */ = {
			isa = PBXGroup;
			children = (
				490D83AA1A291F8F0020876C /* AppDelegate.swift */,
				490D83AC1A291F8F0020876C /* RecordSoundsViewController.swift */,
				490D83D61A2EA32A0020876C /* RecordedAudio.swift */,
				490D83AE1A291F8F0020876C /* Main.storyboard */,
				490D83D01A2BF5D40020876C /* PlaySoundsViewController.swift */,
				490D83B11A291F8F0020876C /* Images.xcassets */,
				490D83B31A291F8F0020876C /* LaunchScreen.xib */,
				490D83A81A291F8F0020876C /* Supporting Files */,
			);
			path = "Pitch Perfect";
			sourceTree = "<group>";
		};
		490D83A81A291F8F0020876C /* Supporting Files */ = {
			isa = PBXGroup;
			children = (
				490D83D41A2C026F0020876C /* movie_quote.mp3 */,
				490D83A91A291F8F0020876C /* Info.plist */,
			);
			name = "Supporting Files";
			sourceTree = "<group>";
		};
		490D83BD1A291F8F0020876C /* Pitch PerfectTests */ = {
			isa = PBXGroup;
			children = (
				490D83C01A291F8F0020876C /* Pitch_PerfectTests.swift */,
				490D83BE1A291F8F0020876C /* Supporting Files */,
			);
			path = "Pitch PerfectTests";
			sourceTree = "<group>";
		};
		490D83BE1A291F8F0020876C /* Supporting Files */ = {
			isa = PBXGroup;
			children = (
				490D83BF1A291F8F0020876C /* Info.plist */,
			);
			name = "Supporting Files";
			sourceTree = "<group>";
		};
/* End PBXGroup section */

/* Begin PBXNativeTarget section */
		490D83A41A291F8F0020876C /* Pitch Perfect */ = {
			isa = PBXNativeTarget;
			buildConfigurationList = 490D83C41A291F8F0020876C /* Build configuration list for PBXNativeTarget "Pitch Perfect" */;
			buildPhases = (
				490D83A11A291F8F0020876C /* Sources */,
				490D83A21A291F8F0020876C /* Frameworks */,
				490D83A31A291F8F0020876C /* Resources */,
			);
			buildRules = (
			);
			dependencies = (
			);
			name = "Pitch Perfect";
			productName = "Pitch Perfect";
			productReference = 490D83A51A291F8F0020876C /* Pitch Perfect.app */;
			productType = "com.apple.product-type.application";
		};
		490D83B91A291F8F0020876C /* Pitch PerfectTests */ = {
			isa = PBXNativeTarget;
			buildConfigurationList = 490D83C71A291F8F0020876C /* Build configuration list for PBXNativeTarget "Pitch PerfectTests" */;
			buildPhases = (
				490D83B61A291F8F0020876C /* Sources */,
				490D83B71A291F8F0020876C /* Frameworks */,
				490D83B81A291F8F0020876C /* Resources */,
			);
			buildRules = (
			);
			dependencies = (
				490D83BC1A291F8F0020876C /* PBXTargetDependency */,
			);
			name = "Pitch PerfectTests";
			productName = "Pitch PerfectTests";
			productReference = 490D83BA1A291F8F0020876C /* Pitch PerfectTests.xctest */;
			productType = "com.apple.product-type.bundle.unit-test";
		};
/* End PBXNativeTarget section */

/* Begin PBXProject section */
		490D839D1A291F8F0020876C /* Project object */ = {
			isa = PBXProject;
			attributes = {
				LastUpgradeCheck = 0610;
				ORGANIZATIONNAME = "Cesar Colorado";
				TargetAttributes = {
					490D83A41A291F8F0020876C = {
						CreatedOnToolsVersion = 6.1;
						DevelopmentTeam = 2ZL8C954AT;
					};
					490D83B91A291F8F0020876C = {
						CreatedOnToolsVersion = 6.1;
						TestTargetID = 490D83A41A291F8F0020876C;
					};
				};
			};
			buildConfigurationList = 490D83A01A291F8F0020876C /* Build configuration list for PBXProject "Pitch Perfect" */;
			compatibilityVersion = "Xcode 3.2";
			developmentRegion = English;
			hasScannedForEncodings = 0;
			knownRegions = (
				en,
				Base,
			);
			mainGroup = 490D839C1A291F8F0020876C;
			productRefGroup = 490D83A61A291F8F0020876C /* Products */;
			projectDirPath = "";
			projectRoot = "";
			targets = (
				490D83A41A291F8F0020876C /* Pitch Perfect */,
				490D83B91A291F8F0020876C /* Pitch PerfectTests */,
			);
		};
/* End PBXProject section */

/* Begin PBXResourcesBuildPhase section */
		490D83A31A291F8F0020876C /* Resources */ = {
			isa = PBXResourcesBuildPhase;
			buildActionMask = 2147483647;
			files = (
				490D83B01A291F8F0020876C /* Main.storyboard in Resources */,
				490D83B51A291F8F0020876C /* LaunchScreen.xib in Resources */,
				490D83D51A2C026F0020876C /* movie_quote.mp3 in Resources */,
				490D83B21A291F8F0020876C /* Images.xcassets in Resources */,
			);
			runOnlyForDeploymentPostprocessing = 0;
		};
		490D83B81A291F8F0020876C /* Resources */ = {
			isa = PBXResourcesBuildPhase;
			buildActionMask = 2147483647;
			files = (
			);
			runOnlyForDeploymentPostprocessing = 0;
		};
/* End PBXResourcesBuildPhase section */

/* Begin PBXSourcesBuildPhase section */
		490D83A11A291F8F0020876C /* Sources */ = {
			isa = PBXSourcesBuildPhase;
			buildActionMask = 2147483647;
			files = (
				490D83D71A2EA32A0020876C /* RecordedAudio.swift in Sources */,
				490D83AD1A291F8F0020876C /* RecordSoundsViewController.swift in Sources */,
				490D83D11A2BF5D40020876C /* PlaySoundsViewController.swift in Sources */,
				490D83AB1A291F8F0020876C /* AppDelegate.swift in Sources */,
			);
			runOnlyForDeploymentPostprocessing = 0;
		};
		490D83B61A291F8F0020876C /* Sources */ = {
			isa = PBXSourcesBuildPhase;
			buildActionMask = 2147483647;
			files = (
				490D83C11A291F8F0020876C /* Pitch_PerfectTests.swift in Sources */,
			);
			runOnlyForDeploymentPostprocessing = 0;
		};
/* End PBXSourcesBuildPhase section */

/* Begin PBXTargetDependency section */
		490D83BC1A291F8F0020876C /* PBXTargetDependency */ = {
			isa = PBXTargetDependency;
			target = 490D83A41A291F8F0020876C /* Pitch Perfect */;
			targetProxy = 490D83BB1A291F8F0020876C /* PBXContainerItemProxy */;
		};
/* End PBXTargetDependency section */

/* Begin PBXVariantGroup section */
		490D83AE1A291F8F0020876C /* Main.storyboard */ = {
			isa = PBXVariantGroup;
			children = (
				490D83AF1A291F8F0020876C /* Base */,
			);
			name = Main.storyboard;
			sourceTree = "<group>";
		};
		490D83B31A291F8F0020876C /* LaunchScreen.xib */ = {
			isa = PBXVariantGroup;
			children = (
				490D83B41A291F8F0020876C /* Base */,
			);
			name = LaunchScreen.xib;
			sourceTree = "<group>";
		};
/* End PBXVariantGroup section */

/* Begin XCBuildConfiguration section */
		490D83C21A291F8F0020876C /* Debug */ = {
			isa = XCBuildConfiguration;
			buildSettings = {
				ALWAYS_SEARCH_USER_PATHS = NO;
				CLANG_CXX_LANGUAGE_STANDARD = "gnu++0x";
				CLANG_CXX_LIBRARY = "libc++";
				CLANG_ENABLE_MODULES = YES;
				CLANG_ENABLE_OBJC_ARC = YES;
				CLANG_WARN_BOOL_CONVERSION = YES;
				CLANG_WARN_CONSTANT_CONVERSION = YES;
				CLANG_WARN_DIRECT_OBJC_ISA_USAGE = YES_ERROR;
				CLANG_WARN_EMPTY_BODY = YES;
				CLANG_WARN_ENUM_CONVERSION = YES;
				CLANG_WARN_INT_CONVERSION = YES;
				CLANG_WARN_OBJC_ROOT_CLASS = YES_ERROR;
				CLANG_WARN_UNREACHABLE_CODE = YES;
				CLANG_WARN__DUPLICATE_METHOD_MATCH = YES;
				"CODE_SIGN_IDENTITY[sdk=iphoneos*]" = "iPhone Developer";
				COPY_PHASE_STRIP = NO;
				ENABLE_STRICT_OBJC_MSGSEND = YES;
				GCC_C_LANGUAGE_STANDARD = gnu99;
				GCC_DYNAMIC_NO_PIC = NO;
				GCC_OPTIMIZATION_LEVEL = 0;
				GCC_PREPROCESSOR_DEFINITIONS = (
					"DEBUG=1",
					"$(inherited)",
				);
				GCC_SYMBOLS_PRIVATE_EXTERN = NO;
				GCC_WARN_64_TO_32_BIT_CONVERSION = YES;
				GCC_WARN_ABOUT_RETURN_TYPE = YES_ERROR;
				GCC_WARN_UNDECLARED_SELECTOR = YES;
				GCC_WARN_UNINITIALIZED_AUTOS = YES_AGGRESSIVE;
				GCC_WARN_UNUSED_FUNCTION = YES;
				GCC_WARN_UNUSED_VARIABLE = YES;
				IPHONEOS_DEPLOYMENT_TARGET = 8.1;
				MTL_ENABLE_DEBUG_INFO = YES;
				ONLY_ACTIVE_ARCH = YES;
				SDKROOT = iphoneos;
				SWIFT_OPTIMIZATION_LEVEL = "-Onone";
			};
			name = Debug;
		};
		490D83C31A291F8F0020876C /* Release */ = {
			isa = XCBuildConfiguration;
			buildSettings = {
				ALWAYS_SEARCH_USER_PATHS = NO;
				CLANG_CXX_LANGUAGE_STANDARD = "gnu++0x";
				CLANG_CXX_LIBRARY = "libc++";
				CLANG_ENABLE_MODULES = YES;
				CLANG_ENABLE_OBJC_ARC = YES;
				CLANG_WARN_BOOL_CONVERSION = YES;
				CLANG_WARN_CONSTANT_CONVERSION = YES;
				CLANG_WARN_DIRECT_OBJC_ISA_USAGE = YES_ERROR;
				CLANG_WARN_EMPTY_BODY = YES;
				CLANG_WARN_ENUM_CONVERSION = YES;
				CLANG_WARN_INT_CONVERSION = YES;
				CLANG_WARN_OBJC_ROOT_CLASS = YES_ERROR;
				CLANG_WARN_UNREACHABLE_CODE = YES;
				CLANG_WARN__DUPLICATE_METHOD_MATCH = YES;
				"CODE_SIGN_IDENTITY[sdk=iphoneos*]" = "iPhone Developer";
				COPY_PHASE_STRIP = YES;
				ENABLE_NS_ASSERTIONS = NO;
				ENABLE_STRICT_OBJC_MSGSEND = YES;
				GCC_C_LANGUAGE_STANDARD = gnu99;
				GCC_WARN_64_TO_32_BIT_CONVERSION = YES;
				GCC_WARN_ABOUT_RETURN_TYPE = YES_ERROR;
				GCC_WARN_UNDECLARED_SELECTOR = YES;
				GCC_WARN_UNINITIALIZED_AUTOS = YES_AGGRESSIVE;
				GCC_WARN_UNUSED_FUNCTION = YES;
				GCC_WARN_UNUSED_VARIABLE = YES;
				IPHONEOS_DEPLOYMENT_TARGET = 8.1;
				MTL_ENABLE_DEBUG_INFO = NO;
				SDKROOT = iphoneos;
				VALIDATE_PRODUCT = YES;
			};
			name = Release;
		};
		490D83C51A291F8F0020876C /* Debug */ = {
			isa = XCBuildConfiguration;
			buildSettings = {
				ASSETCATALOG_COMPILER_APPICON_NAME = AppIcon;
				CODE_SIGN_IDENTITY = "iPhone Developer";
				"CODE_SIGN_IDENTITY[sdk=iphoneos*]" = "iPhone Developer";
				INFOPLIST_FILE = "Pitch Perfect/Info.plist";
				LD_RUNPATH_SEARCH_PATHS = "$(inherited) @executable_path/Frameworks";
				PRODUCT_NAME = "$(TARGET_NAME)";
				PROVISIONING_PROFILE = "";
			};
			name = Debug;
		};
		490D83C61A291F8F0020876C /* Release */ = {
			isa = XCBuildConfiguration;
			buildSettings = {
				ASSETCATALOG_COMPILER_APPICON_NAME = AppIcon;
				CODE_SIGN_IDENTITY = "iPhone Developer";
				"CODE_SIGN_IDENTITY[sdk=iphoneos*]" = "iPhone Developer";
				INFOPLIST_FILE = "Pitch Perfect/Info.plist";
				LD_RUNPATH_SEARCH_PATHS = "$(inherited) @executable_path/Frameworks";
				PRODUCT_NAME = "$(TARGET_NAME)";
				PROVISIONING_PROFILE = "";
			};
			name = Release;
		};
		490D83C81A291F8F0020876C /* Debug */ = {
			isa = XCBuildConfiguration;
			buildSettings = {
				BUNDLE_LOADER = "$(TEST_HOST)";
				FRAMEWORK_SEARCH_PATHS = (
					"$(SDKROOT)/Developer/Library/Frameworks",
					"$(inherited)",
				);
				GCC_PREPROCESSOR_DEFINITIONS = (
					"DEBUG=1",
					"$(inherited)",
				);
				INFOPLIST_FILE = "Pitch PerfectTests/Info.plist";
				LD_RUNPATH_SEARCH_PATHS = "$(inherited) @executable_path/Frameworks @loader_path/Frameworks";
				PRODUCT_NAME = "$(TARGET_NAME)";
				TEST_HOST = "$(BUILT_PRODUCTS_DIR)/Pitch Perfect.app/Pitch Perfect";
			};
			name = Debug;
		};
		490D83C91A291F8F0020876C /* Release */ = {
			isa = XCBuildConfiguration;
			buildSettings = {
				BUNDLE_LOADER = "$(TEST_HOST)";
				FRAMEWORK_SEARCH_PATHS = (
					"$(SDKROOT)/Developer/Library/Frameworks",
					"$(inherited)",
				);
				INFOPLIST_FILE = "Pitch PerfectTests/Info.plist";
				LD_RUNPATH_SEARCH_PATHS = "$(inherited) @executable_path/Frameworks @loader_path/Frameworks";
				PRODUCT_NAME = "$(TARGET_NAME)";
				TEST_HOST = "$(BUILT_PRODUCTS_DIR)/Pitch Perfect.app/Pitch Perfect";
			};
			name = Release;
		};
/* End XCBuildConfiguration section */

/* Begin XCConfigurationList section */
		490D83A01A291F8F0020876C /* Build configuration list for PBXProject "Pitch Perfect" */ = {
			isa = XCConfigurationList;
			buildConfigurations = (
				490D83C21A291F8F0020876C /* Debug */,
				490D83C31A291F8F0020876C /* Release */,
			);
			defaultConfigurationIsVisible = 0;
			defaultConfigurationName = Release;
		};
		490D83C41A291F8F0020876C /* Build configuration list for PBXNativeTarget "Pitch Perfect" */ = {
			isa = XCConfigurationList;
			buildConfigurations = (
				490D83C51A291F8F0020876C /* Debug */,
				490D83C61A291F8F0020876C /* Release */,
			);
			defaultConfigurationIsVisible = 0;
		};
		490D83C71A291F8F0020876C /* Build configuration list for PBXNativeTarget "Pitch PerfectTests" */ = {
			isa = XCConfigurationList;
			buildConfigurations = (
				490D83C81A291F8F0020876C /* Debug */,
				490D83C91A291F8F0020876C /* Release */,
			);
			defaultConfigurationIsVisible = 0;
		};
/* End XCConfigurationList section */
	};
	rootObject = 490D839D1A291F8F0020876C /* Project object */;
}
